# THIS IS AN AUTOGENERATED FILE. DO NOT EDIT THIS FILE DIRECTLY.
# yarn lockfile v1


e131@^1.1.3:
  version "1.1.3"
  resolved "https://registry.yarnpkg.com/e131/-/e131-1.1.3.tgz#1d13d479f2eebdf0ad5c158121f0b7095bb490b5"
  integrity sha512-qku740afUkGubZlHMrLoljbcMn4wGBFGq8jL9z/j1Gx+aTWytit7Rb5u7HtzJ/84fw0mAcv0YPCDB4FIG/bdjw==
